
Microsoft Visual Studio Solution File, Format Version 12.00
# Visual Studio Version 16
VisualStudioVersion = 16.0.31112.23
MinimumVisualStudioVersion = 10.0.40219.1
Project("{FAE04EC0-301F-11D3-BF4B-00C04F79EFBC}") = "planning", "planning.csproj", "{24470797-BEDD-46E3-86F2-29725A89CF20}"
EndProject
Global
	GlobalSection(SolutionConfigurationPlatforms) = preSolution
		Debug|Any CPU = Debug|Any CPU
		Release|Any CPU = Release|Any CPU
	EndGlobalSection
	GlobalSection(ProjectConfigurationPlatforms) = postSolution
		{24470797-BEDD-46E3-86F2-29725A89CF20}.Debug|Any CPU.ActiveCfg = Debug|Any CPU
		{24470797-BEDD-46E3-86F2-29725A89CF20}.Debug|Any CPU.Build.0 = Debug|Any CPU
		{24470797-BEDD-46E3-86F2-29725A89CF20}.Release|Any CPU.ActiveCfg = Release|Any CPU
		{24470797-BEDD-46E3-86F2-29725A89CF20}.Release|Any CPU.Build.0 = Release|Any CPU
	EndGlobalSection
	GlobalSection(SolutionProperties) = preSolution
		HideSolutionNode = FALSE
	EndGlobalSection
	GlobalSection(ExtensibilityGlobals) = postSolution
		SolutionGuid = {1C12F171-C218-44B1-95EA-502C7EC13E3C}
	EndGlobalSection
EndGlobal
